
Microsoft Visual Studio Solution File, Format Version 12.00
# Visual Studio Version 17
VisualStudioVersion = 17.14.36202.13
MinimumVisualStudioVersion = 10.0.40219.1
Project("{FAE04EC0-301F-11D3-BF4B-00C04F79EFBC}") = "num converert", "MOP zadachi\num converert.csproj", "{3FEB613D-6A9A-4B23-8B75-F3ED0CD8DB19}"
EndProject
Project("{FAE04EC0-301F-11D3-BF4B-00C04F79EFBC}") = "sum_mode_median convert", "sum_mode_median convert\sum_mode_median convert.csproj", "{BEAB3437-C143-44A7-886E-E43830D1380D}"
EndProject
Project("{FAE04EC0-301F-11D3-BF4B-00C04F79EFBC}") = "matrix 3d rank", "matrix 3d rank\matrix 3d rank.csproj", "{1626CAEF-CD84-4E71-8640-A95CD3F1744C}"
EndProject
Project("{FAE04EC0-301F-11D3-BF4B-00C04F79EFBC}") = "Polinom", "Polinom\Polinom.csproj", "{A5D74353-F445-41BE-B2C1-4599EB26437B}"
EndProject
Global
	GlobalSection(SolutionConfigurationPlatforms) = preSolution
		Debug|Any CPU = Debug|Any CPU
		Release|Any CPU = Release|Any CPU
	EndGlobalSection
	GlobalSection(ProjectConfigurationPlatforms) = postSolution
		{3FEB613D-6A9A-4B23-8B75-F3ED0CD8DB19}.Debug|Any CPU.ActiveCfg = Debug|Any CPU
		{3FEB613D-6A9A-4B23-8B75-F3ED0CD8DB19}.Debug|Any CPU.Build.0 = Debug|Any CPU
		{3FEB613D-6A9A-4B23-8B75-F3ED0CD8DB19}.Release|Any CPU.ActiveCfg = Release|Any CPU
		{3FEB613D-6A9A-4B23-8B75-F3ED0CD8DB19}.Release|Any CPU.Build.0 = Release|Any CPU
		{BEAB3437-C143-44A7-886E-E43830D1380D}.Debug|Any CPU.ActiveCfg = Debug|Any CPU
		{BEAB3437-C143-44A7-886E-E43830D1380D}.Debug|Any CPU.Build.0 = Debug|Any CPU
		{BEAB3437-C143-44A7-886E-E43830D1380D}.Release|Any CPU.ActiveCfg = Release|Any CPU
		{BEAB3437-C143-44A7-886E-E43830D1380D}.Release|Any CPU.Build.0 = Release|Any CPU
		{1626CAEF-CD84-4E71-8640-A95CD3F1744C}.Debug|Any CPU.ActiveCfg = Debug|Any CPU
		{1626CAEF-CD84-4E71-8640-A95CD3F1744C}.Debug|Any CPU.Build.0 = Debug|Any CPU
		{1626CAEF-CD84-4E71-8640-A95CD3F1744C}.Release|Any CPU.ActiveCfg = Release|Any CPU
		{1626CAEF-CD84-4E71-8640-A95CD3F1744C}.Release|Any CPU.Build.0 = Release|Any CPU
		{A5D74353-F445-41BE-B2C1-4599EB26437B}.Debug|Any CPU.ActiveCfg = Debug|Any CPU
		{A5D74353-F445-41BE-B2C1-4599EB26437B}.Debug|Any CPU.Build.0 = Debug|Any CPU
		{A5D74353-F445-41BE-B2C1-4599EB26437B}.Release|Any CPU.ActiveCfg = Release|Any CPU
		{A5D74353-F445-41BE-B2C1-4599EB26437B}.Release|Any CPU.Build.0 = Release|Any CPU
	EndGlobalSection
	GlobalSection(SolutionProperties) = preSolution
		HideSolutionNode = FALSE
	EndGlobalSection
	GlobalSection(ExtensibilityGlobals) = postSolution
		SolutionGuid = {420E4877-DBB2-4DBD-8FFF-A0819D3BB495}
	EndGlobalSection
EndGlobal
